
Microsoft Visual Studio Solution File, Format Version 12.00
# Visual Studio Version 16
VisualStudioVersion = 16.0.30002.166
MinimumVisualStudioVersion = 10.0.40219.1
Project("{FAE04EC0-301F-11D3-BF4B-00C04F79EFBC}") = "antsequence20th", "antsequence20th\antsequence20th.csproj", "{491AB30E-9230-4BB5-8C29-230D663ADBAE}"
EndProject
Global
	GlobalSection(SolutionConfigurationPlatforms) = preSolution
		Debug|Any CPU = Debug|Any CPU
		Release|Any CPU = Release|Any CPU
	EndGlobalSection
	GlobalSection(ProjectConfigurationPlatforms) = postSolution
		{491AB30E-9230-4BB5-8C29-230D663ADBAE}.Debug|Any CPU.ActiveCfg = Debug|Any CPU
		{491AB30E-9230-4BB5-8C29-230D663ADBAE}.Debug|Any CPU.Build.0 = Debug|Any CPU
		{491AB30E-9230-4BB5-8C29-230D663ADBAE}.Release|Any CPU.ActiveCfg = Release|Any CPU
		{491AB30E-9230-4BB5-8C29-230D663ADBAE}.Release|Any CPU.Build.0 = Release|Any CPU
	EndGlobalSection
	GlobalSection(SolutionProperties) = preSolution
		HideSolutionNode = FALSE
	EndGlobalSection
	GlobalSection(ExtensibilityGlobals) = postSolution
		SolutionGuid = {AF4B2F83-12DB-4CD0-8427-9BF8AB538431}
	EndGlobalSection
EndGlobal
